
Microsoft Visual Studio Solution File, Format Version 12.00
# Visual Studio Version 16
VisualStudioVersion = 16.0.31129.286
MinimumVisualStudioVersion = 10.0.40219.1
Project("{9A19103F-16F7-4668-BE54-9A1E7A4F7556}") = "NovelReader", "NovelReader\NovelReader.csproj", "{F05F5492-8A3F-484D-ABDC-D5B8269675E0}"
EndProject
Project("{9A19103F-16F7-4668-BE54-9A1E7A4F7556}") = "Novel", "Novel\Novel.csproj", "{F93363C8-5C88-42D2-9ED5-8627B4EDB874}"
EndProject
Project("{9A19103F-16F7-4668-BE54-9A1E7A4F7556}") = "Novel.Controls", "Novel.Controls\Novel.Controls.csproj", "{019B7BF4-FD3A-436B-9F90-6861AFE66018}"
EndProject
Project("{9A19103F-16F7-4668-BE54-9A1E7A4F7556}") = "Novel.Service", "Novel.Service\Novel.Service.csproj", "{481AE060-8FD8-47D6-B518-D1F9161699B1}"
EndProject
Project("{9A19103F-16F7-4668-BE54-9A1E7A4F7556}") = "Novel.Update", "Novel.Update\Novel.Update.csproj", "{CE74D2A3-1536-43EE-B755-D01CCB8762BA}"
EndProject
Project("{9A19103F-16F7-4668-BE54-9A1E7A4F7556}") = "Novel.TestProj", "Novel.TestProj\Novel.TestProj.csproj", "{6E7FD573-9251-4745-A1E5-68545ED52E26}"
EndProject
Project("{2150E333-8FDC-42A3-9474-1A3956D46DE8}") = "Resources", "Resources", "{0A9DD894-AF4C-4A3F-B980-1CF56021DDCB}"
EndProject
Project("{2150E333-8FDC-42A3-9474-1A3956D46DE8}") = "Docs", "Docs", "{F9B0A281-9D4A-4438-A691-F1C51AC0E963}"
	ProjectSection(SolutionItems) = preProject
		README.md = README.md
	EndProjectSection
EndProject
Project("{2150E333-8FDC-42A3-9474-1A3956D46DE8}") = "Screenshots", "Screenshots", "{BEA2AD53-0569-4E6E-A6F0-8E8ADF3865C6}"
	ProjectSection(SolutionItems) = preProject
		C:\Users\RSDTE\Desktop\Snipaste_2021-07-26_23-13-41.jpg = C:\Users\RSDTE\Desktop\Snipaste_2021-07-26_23-13-41.jpg
		C:\Users\RSDTE\Desktop\Snipaste_2021-07-26_23-13-52.jpg = C:\Users\RSDTE\Desktop\Snipaste_2021-07-26_23-13-52.jpg
		C:\Users\RSDTE\Desktop\Snipaste_2021-07-26_23-14-22.jpg = C:\Users\RSDTE\Desktop\Snipaste_2021-07-26_23-14-22.jpg
		C:\Users\RSDTE\Desktop\Snipaste_2021-07-26_23-14-36.jpg = C:\Users\RSDTE\Desktop\Snipaste_2021-07-26_23-14-36.jpg
	EndProjectSection
EndProject
Global
	GlobalSection(SolutionConfigurationPlatforms) = preSolution
		Debug|Any CPU = Debug|Any CPU
		Release|Any CPU = Release|Any CPU
	EndGlobalSection
	GlobalSection(ProjectConfigurationPlatforms) = postSolution
		{F05F5492-8A3F-484D-ABDC-D5B8269675E0}.Debug|Any CPU.ActiveCfg = Debug|Any CPU
		{F05F5492-8A3F-484D-ABDC-D5B8269675E0}.Debug|Any CPU.Build.0 = Debug|Any CPU
		{F05F5492-8A3F-484D-ABDC-D5B8269675E0}.Release|Any CPU.ActiveCfg = Release|Any CPU
		{F05F5492-8A3F-484D-ABDC-D5B8269675E0}.Release|Any CPU.Build.0 = Release|Any CPU
		{F93363C8-5C88-42D2-9ED5-8627B4EDB874}.Debug|Any CPU.ActiveCfg = Debug|Any CPU
		{F93363C8-5C88-42D2-9ED5-8627B4EDB874}.Debug|Any CPU.Build.0 = Debug|Any CPU
		{F93363C8-5C88-42D2-9ED5-8627B4EDB874}.Release|Any CPU.ActiveCfg = Release|Any CPU
		{F93363C8-5C88-42D2-9ED5-8627B4EDB874}.Release|Any CPU.Build.0 = Release|Any CPU
		{019B7BF4-FD3A-436B-9F90-6861AFE66018}.Debug|Any CPU.ActiveCfg = Debug|Any CPU
		{019B7BF4-FD3A-436B-9F90-6861AFE66018}.Debug|Any CPU.Build.0 = Debug|Any CPU
		{019B7BF4-FD3A-436B-9F90-6861AFE66018}.Release|Any CPU.ActiveCfg = Release|Any CPU
		{019B7BF4-FD3A-436B-9F90-6861AFE66018}.Release|Any CPU.Build.0 = Release|Any CPU
		{481AE060-8FD8-47D6-B518-D1F9161699B1}.Debug|Any CPU.ActiveCfg = Debug|Any CPU
		{481AE060-8FD8-47D6-B518-D1F9161699B1}.Debug|Any CPU.Build.0 = Debug|Any CPU
		{481AE060-8FD8-47D6-B518-D1F9161699B1}.Release|Any CPU.ActiveCfg = Release|Any CPU
		{481AE060-8FD8-47D6-B518-D1F9161699B1}.Release|Any CPU.Build.0 = Release|Any CPU
		{CE74D2A3-1536-43EE-B755-D01CCB8762BA}.Debug|Any CPU.ActiveCfg = Debug|Any CPU
		{CE74D2A3-1536-43EE-B755-D01CCB8762BA}.Debug|Any CPU.Build.0 = Debug|Any CPU
		{CE74D2A3-1536-43EE-B755-D01CCB8762BA}.Release|Any CPU.ActiveCfg = Release|Any CPU
		{CE74D2A3-1536-43EE-B755-D01CCB8762BA}.Release|Any CPU.Build.0 = Release|Any CPU
		{6E7FD573-9251-4745-A1E5-68545ED52E26}.Debug|Any CPU.ActiveCfg = Debug|Any CPU
		{6E7FD573-9251-4745-A1E5-68545ED52E26}.Debug|Any CPU.Build.0 = Debug|Any CPU
		{6E7FD573-9251-4745-A1E5-68545ED52E26}.Release|Any CPU.ActiveCfg = Release|Any CPU
		{6E7FD573-9251-4745-A1E5-68545ED52E26}.Release|Any CPU.Build.0 = Release|Any CPU
	EndGlobalSection
	GlobalSection(SolutionProperties) = preSolution
		HideSolutionNode = FALSE
	EndGlobalSection
	GlobalSection(NestedProjects) = preSolution
		{F9B0A281-9D4A-4438-A691-F1C51AC0E963} = {0A9DD894-AF4C-4A3F-B980-1CF56021DDCB}
		{BEA2AD53-0569-4E6E-A6F0-8E8ADF3865C6} = {0A9DD894-AF4C-4A3F-B980-1CF56021DDCB}
	EndGlobalSection
	GlobalSection(ExtensibilityGlobals) = postSolution
		SolutionGuid = {6308F9C0-69E4-48E3-AD33-80B5CC87FEFF}
	EndGlobalSection
EndGlobal
